// !$*UTF8*$!
{
	archiveVersion = 1;
	classes = {
	};
	objectVersion = 48;
	objects = {

/* Begin PBXBuildFile section */
		4B7F24301FF105AB00EB3D94 /* AppDelegate.swift in Sources */ = {isa = PBXBuildFile; fileRef = 4B7F242F1FF105AB00EB3D94 /* AppDelegate.swift */; };
		4B7F24371FF105AB00EB3D94 /* Assets.xcassets in Resources */ = {isa = PBXBuildFile; fileRef = 4B7F24361FF105AB00EB3D94 /* Assets.xcassets */; };
		4B7F243A1FF105AB00EB3D94 /* LaunchScreen.storyboard in Resources */ = {isa = PBXBuildFile; fileRef = 4B7F24381FF105AB00EB3D94 /* LaunchScreen.storyboard */; };
		4B7F24501FF10CCD00EB3D94 /* HouseTests.swift in Sources */ = {isa = PBXBuildFile; fileRef = 4B7F244F1FF10CCD00EB3D94 /* HouseTests.swift */; };
		4B7F24521FF10D6C00EB3D94 /* House.swift in Sources */ = {isa = PBXBuildFile; fileRef = 4B7F24511FF10D6C00EB3D94 /* House.swift */; };
		4B7F24551FF1137C00EB3D94 /* PersonTests.swift in Sources */ = {isa = PBXBuildFile; fileRef = 4B7F24541FF1137C00EB3D94 /* PersonTests.swift */; };
		4B7F24571FF113B900EB3D94 /* Person.swift in Sources */ = {isa = PBXBuildFile; fileRef = 4B7F24561FF113B900EB3D94 /* Person.swift */; };
		4BA09AB520174592003B4701 /* houses.json in Resources */ = {isa = PBXBuildFile; fileRef = 4BA09AB420174592003B4701 /* houses.json */; };
		4BA09AB720175638003B4701 /* characters.json in Resources */ = {isa = PBXBuildFile; fileRef = 4BA09AB620175638003B4701 /* characters.json */; };
		4BAF73611FF8E178000B9587 /* UIViewController+Additions.swift in Sources */ = {isa = PBXBuildFile; fileRef = 4BAF73601FF8E178000B9587 /* UIViewController+Additions.swift */; };
		4BAF73631FF8E31B000B9587 /* RepositoryTests.swift in Sources */ = {isa = PBXBuildFile; fileRef = 4BAF73621FF8E31B000B9587 /* RepositoryTests.swift */; };
		4BAF73661FF8E3DC000B9587 /* Repository.swift in Sources */ = {isa = PBXBuildFile; fileRef = 4BAF73651FF8E3DC000B9587 /* Repository.swift */; };
		4BAF73691FF909D2000B9587 /* WikiViewController.swift in Sources */ = {isa = PBXBuildFile; fileRef = 4BAF73671FF909D2000B9587 /* WikiViewController.swift */; };
		4BAF736A1FF909D2000B9587 /* WikiViewController.xib in Resources */ = {isa = PBXBuildFile; fileRef = 4BAF73681FF909D2000B9587 /* WikiViewController.xib */; };
		4BAF736D1FF91EA5000B9587 /* HouseListViewController.swift in Sources */ = {isa = PBXBuildFile; fileRef = 4BAF736B1FF91EA5000B9587 /* HouseListViewController.swift */; };
		4BAF736E1FF91EA5000B9587 /* HouseListViewController.xib in Resources */ = {isa = PBXBuildFile; fileRef = 4BAF736C1FF91EA5000B9587 /* HouseListViewController.xib */; };
		4BAF73711FF92A90000B9587 /* MemberListViewController.swift in Sources */ = {isa = PBXBuildFile; fileRef = 4BAF736F1FF92A90000B9587 /* MemberListViewController.swift */; };
		4BAF73721FF92A90000B9587 /* MemberListViewController.xib in Resources */ = {isa = PBXBuildFile; fileRef = 4BAF73701FF92A90000B9587 /* MemberListViewController.xib */; };
		4BD79A6C202394DA002531D3 /* MemberDetailViewController.swift in Sources */ = {isa = PBXBuildFile; fileRef = 4BD79A6A202394DA002531D3 /* MemberDetailViewController.swift */; };
		4BD79A6D202394DA002531D3 /* MemberDetailViewController.xib in Resources */ = {isa = PBXBuildFile; fileRef = 4BD79A6B202394DA002531D3 /* MemberDetailViewController.xib */; };
		4BD79A6F20239B45002531D3 /* Season.swift in Sources */ = {isa = PBXBuildFile; fileRef = 4BD79A6E20239B45002531D3 /* Season.swift */; };
		4BD79A7120239C04002531D3 /* Episode.swift in Sources */ = {isa = PBXBuildFile; fileRef = 4BD79A7020239C04002531D3 /* Episode.swift */; };
		4BD79A7320239DB3002531D3 /* SeasonTests.swift in Sources */ = {isa = PBXBuildFile; fileRef = 4BD79A7220239DB3002531D3 /* SeasonTests.swift */; };
		4BD79A752023A946002531D3 /* EpisodeTests.swift in Sources */ = {isa = PBXBuildFile; fileRef = 4BD79A742023A946002531D3 /* EpisodeTests.swift */; };
		4BE7040F2020F8F700178E68 /* HouseName.swift in Sources */ = {isa = PBXBuildFile; fileRef = 4BE7040E2020F8F700178E68 /* HouseName.swift */; };
		F73EDEAF1FF665B8002B25AF /* targaryenSmall.jpg in Resources */ = {isa = PBXBuildFile; fileRef = F73EDEAC1FF665B8002B25AF /* targaryenSmall.jpg */; };
		F73EDEB01FF665B8002B25AF /* lannister.jpg in Resources */ = {isa = PBXBuildFile; fileRef = F73EDEAD1FF665B8002B25AF /* lannister.jpg */; };
		F73EDEB11FF665B8002B25AF /* codeIsComing.png in Resources */ = {isa = PBXBuildFile; fileRef = F73EDEAE1FF665B8002B25AF /* codeIsComing.png */; };
		F73EDEB51FF6662B002B25AF /* HouseViewController.swift in Sources */ = {isa = PBXBuildFile; fileRef = F73EDEB31FF6662B002B25AF /* HouseViewController.swift */; };
		F73EDEB61FF6662B002B25AF /* HouseViewController.xib in Resources */ = {isa = PBXBuildFile; fileRef = F73EDEB41FF6662B002B25AF /* HouseViewController.xib */; };
/* End PBXBuildFile section */

/* Begin PBXContainerItemProxy section */
		4B7F24411FF105AC00EB3D94 /* PBXContainerItemProxy */ = {
			isa = PBXContainerItemProxy;
			containerPortal = 4B7F24241FF105AB00EB3D94 /* Project object */;
			proxyType = 1;
			remoteGlobalIDString = 4B7F242B1FF105AB00EB3D94;
			remoteInfo = Westeros;
		};
/* End PBXContainerItemProxy section */

/* Begin PBXFileReference section */
		4B7F242C1FF105AB00EB3D94 /* Westeros.app */ = {isa = PBXFileReference; explicitFileType = wrapper.application; includeInIndex = 0; path = Westeros.app; sourceTree = BUILT_PRODUCTS_DIR; };
		4B7F242F1FF105AB00EB3D94 /* AppDelegate.swift */ = {isa = PBXFileReference; lastKnownFileType = sourcecode.swift; path = AppDelegate.swift; sourceTree = "<group>"; };
		4B7F24361FF105AB00EB3D94 /* Assets.xcassets */ = {isa = PBXFileReference; lastKnownFileType = folder.assetcatalog; path = Assets.xcassets; sourceTree = "<group>"; };
		4B7F24391FF105AB00EB3D94 /* Base */ = {isa = PBXFileReference; lastKnownFileType = file.storyboard; name = Base; path = Base.lproj/LaunchScreen.storyboard; sourceTree = "<group>"; };
		4B7F243B1FF105AB00EB3D94 /* Info.plist */ = {isa = PBXFileReference; lastKnownFileType = text.plist.xml; path = Info.plist; sourceTree = "<group>"; };
		4B7F24401FF105AC00EB3D94 /* WesterosTests.xctest */ = {isa = PBXFileReference; explicitFileType = wrapper.cfbundle; includeInIndex = 0; path = WesterosTests.xctest; sourceTree = BUILT_PRODUCTS_DIR; };
		4B7F24461FF105AC00EB3D94 /* Info.plist */ = {isa = PBXFileReference; lastKnownFileType = text.plist.xml; path = Info.plist; sourceTree = "<group>"; };
		4B7F244F1FF10CCD00EB3D94 /* HouseTests.swift */ = {isa = PBXFileReference; lastKnownFileType = sourcecode.swift; path = HouseTests.swift; sourceTree = "<group>"; };
		4B7F24511FF10D6C00EB3D94 /* House.swift */ = {isa = PBXFileReference; lastKnownFileType = sourcecode.swift; path = House.swift; sourceTree = "<group>"; };
		4B7F24541FF1137C00EB3D94 /* PersonTests.swift */ = {isa = PBXFileReference; lastKnownFileType = sourcecode.swift; path = PersonTests.swift; sourceTree = "<group>"; };
		4B7F24561FF113B900EB3D94 /* Person.swift */ = {isa = PBXFileReference; lastKnownFileType = sourcecode.swift; path = Person.swift; sourceTree = "<group>"; };
		4BA09AB420174592003B4701 /* houses.json */ = {isa = PBXFileReference; fileEncoding = 4; lastKnownFileType = text.json; name = houses.json; path = Json/houses.json; sourceTree = SOURCE_ROOT; };
		4BA09AB620175638003B4701 /* characters.json */ = {isa = PBXFileReference; fileEncoding = 4; lastKnownFileType = text.json; name = characters.json; path = Json/characters.json; sourceTree = SOURCE_ROOT; };
		4BAF73601FF8E178000B9587 /* UIViewController+Additions.swift */ = {isa = PBXFileReference; lastKnownFileType = sourcecode.swift; path = "UIViewController+Additions.swift"; sourceTree = "<group>"; };
		4BAF73621FF8E31B000B9587 /* RepositoryTests.swift */ = {isa = PBXFileReference; lastKnownFileType = sourcecode.swift; path = RepositoryTests.swift; sourceTree = "<group>"; };
		4BAF73651FF8E3DC000B9587 /* Repository.swift */ = {isa = PBXFileReference; lastKnownFileType = sourcecode.swift; path = Repository.swift; sourceTree = "<group>"; };
		4BAF73671FF909D2000B9587 /* WikiViewController.swift */ = {isa = PBXFileReference; lastKnownFileType = sourcecode.swift; path = WikiViewController.swift; sourceTree = "<group>"; };
		4BAF73681FF909D2000B9587 /* WikiViewController.xib */ = {isa = PBXFileReference; lastKnownFileType = file.xib; path = WikiViewController.xib; sourceTree = "<group>"; };
		4BAF736B1FF91EA5000B9587 /* HouseListViewController.swift */ = {isa = PBXFileReference; lastKnownFileType = sourcecode.swift; path = HouseListViewController.swift; sourceTree = "<group>"; };
		4BAF736C1FF91EA5000B9587 /* HouseListViewController.xib */ = {isa = PBXFileReference; lastKnownFileType = file.xib; path = HouseListViewController.xib; sourceTree = "<group>"; };
		4BAF736F1FF92A90000B9587 /* MemberListViewController.swift */ = {isa = PBXFileReference; lastKnownFileType = sourcecode.swift; path = MemberListViewController.swift; sourceTree = "<group>"; };
		4BAF73701FF92A90000B9587 /* MemberListViewController.xib */ = {isa = PBXFileReference; lastKnownFileType = file.xib; path = MemberListViewController.xib; sourceTree = "<group>"; };
		4BD79A6A202394DA002531D3 /* MemberDetailViewController.swift */ = {isa = PBXFileReference; lastKnownFileType = sourcecode.swift; path = MemberDetailViewController.swift; sourceTree = "<group>"; };
		4BD79A6B202394DA002531D3 /* MemberDetailViewController.xib */ = {isa = PBXFileReference; lastKnownFileType = file.xib; path = MemberDetailViewController.xib; sourceTree = "<group>"; };
		4BD79A6E20239B45002531D3 /* Season.swift */ = {isa = PBXFileReference; lastKnownFileType = sourcecode.swift; path = Season.swift; sourceTree = "<group>"; };
		4BD79A7020239C04002531D3 /* Episode.swift */ = {isa = PBXFileReference; lastKnownFileType = sourcecode.swift; path = Episode.swift; sourceTree = "<group>"; };
		4BD79A7220239DB3002531D3 /* SeasonTests.swift */ = {isa = PBXFileReference; lastKnownFileType = sourcecode.swift; path = SeasonTests.swift; sourceTree = "<group>"; };
		4BD79A742023A946002531D3 /* EpisodeTests.swift */ = {isa = PBXFileReference; lastKnownFileType = sourcecode.swift; path = EpisodeTests.swift; sourceTree = "<group>"; };
		4BE7040E2020F8F700178E68 /* HouseName.swift */ = {isa = PBXFileReference; lastKnownFileType = sourcecode.swift; path = HouseName.swift; sourceTree = "<group>"; };
		F73EDEAC1FF665B8002B25AF /* targaryenSmall.jpg */ = {isa = PBXFileReference; lastKnownFileType = image.jpeg; path = targaryenSmall.jpg; sourceTree = "<group>"; };
		F73EDEAD1FF665B8002B25AF /* lannister.jpg */ = {isa = PBXFileReference; lastKnownFileType = image.jpeg; path = lannister.jpg; sourceTree = "<group>"; };
		F73EDEAE1FF665B8002B25AF /* codeIsComing.png */ = {isa = PBXFileReference; lastKnownFileType = image.png; path = codeIsComing.png; sourceTree = "<group>"; };
		F73EDEB31FF6662B002B25AF /* HouseViewController.swift */ = {isa = PBXFileReference; lastKnownFileType = sourcecode.swift; path = HouseViewController.swift; sourceTree = "<group>"; };
		F73EDEB41FF6662B002B25AF /* HouseViewController.xib */ = {isa = PBXFileReference; lastKnownFileType = file.xib; path = HouseViewController.xib; sourceTree = "<group>"; };
/* End PBXFileReference section */

/* Begin PBXFrameworksBuildPhase section */
		4B7F24291FF105AB00EB3D94 /* Frameworks */ = {
			isa = PBXFrameworksBuildPhase;
			buildActionMask = 2147483647;
			files = (
			);
			runOnlyForDeploymentPostprocessing = 0;
		};
		4B7F243D1FF105AC00EB3D94 /* Frameworks */ = {
			isa = PBXFrameworksBuildPhase;
			buildActionMask = 2147483647;
			files = (
			);
			runOnlyForDeploymentPostprocessing = 0;
		};
/* End PBXFrameworksBuildPhase section */

/* Begin PBXGroup section */
		4B7F24231FF105AB00EB3D94 = {
			isa = PBXGroup;
			children = (
				4B7F242E1FF105AB00EB3D94 /* Westeros */,
				4B7F24431FF105AC00EB3D94 /* WesterosTests */,
				4B7F242D1FF105AB00EB3D94 /* Products */,
			);
			sourceTree = "<group>";
		};
		4B7F242D1FF105AB00EB3D94 /* Products */ = {
			isa = PBXGroup;
			children = (
				4B7F242C1FF105AB00EB3D94 /* Westeros.app */,
				4B7F24401FF105AC00EB3D94 /* WesterosTests.xctest */,
			);
			name = Products;
			sourceTree = "<group>";
		};
		4B7F242E1FF105AB00EB3D94 /* Westeros */ = {
			isa = PBXGroup;
			children = (
				4BAF735F1FF8E14C000B9587 /* Additions */,
				F73EDEB71FF66632002B25AF /* Controllers */,
				4B7F24531FF10D7200EB3D94 /* Domain */,
				F73EDEB21FF665E7002B25AF /* Resources */,
				4B7F242F1FF105AB00EB3D94 /* AppDelegate.swift */,
				4B7F24361FF105AB00EB3D94 /* Assets.xcassets */,
				4B7F24381FF105AB00EB3D94 /* LaunchScreen.storyboard */,
				4B7F243B1FF105AB00EB3D94 /* Info.plist */,
			);
			path = Westeros;
			sourceTree = "<group>";
		};
		4B7F24431FF105AC00EB3D94 /* WesterosTests */ = {
			isa = PBXGroup;
			children = (
				4B7F24461FF105AC00EB3D94 /* Info.plist */,
				4B7F244F1FF10CCD00EB3D94 /* HouseTests.swift */,
				4B7F24541FF1137C00EB3D94 /* PersonTests.swift */,
				4BAF73621FF8E31B000B9587 /* RepositoryTests.swift */,
				4BD79A7220239DB3002531D3 /* SeasonTests.swift */,
				4BD79A742023A946002531D3 /* EpisodeTests.swift */,
			);
			path = WesterosTests;
			sourceTree = "<group>";
		};
		4B7F24531FF10D7200EB3D94 /* Domain */ = {
			isa = PBXGroup;
			children = (
				4BAF73641FF8E3B0000B9587 /* Repositories */,
				4B7F24511FF10D6C00EB3D94 /* House.swift */,
				4B7F24561FF113B900EB3D94 /* Person.swift */,
				4BE7040E2020F8F700178E68 /* HouseName.swift */,
				4BD79A6E20239B45002531D3 /* Season.swift */,
				4BD79A7020239C04002531D3 /* Episode.swift */,
			);
			path = Domain;
			sourceTree = "<group>";
		};
		4BAF735F1FF8E14C000B9587 /* Additions */ = {
			isa = PBXGroup;
			children = (
				4BAF73601FF8E178000B9587 /* UIViewController+Additions.swift */,
			);
			path = Additions;
			sourceTree = "<group>";
		};
		4BAF73641FF8E3B0000B9587 /* Repositories */ = {
			isa = PBXGroup;
			children = (
				4BAF73651FF8E3DC000B9587 /* Repository.swift */,
			);
			path = Repositories;
			sourceTree = "<group>";
		};
		F73EDEB21FF665E7002B25AF /* Resources */ = {
			isa = PBXGroup;
			children = (
				4BA09AB620175638003B4701 /* characters.json */,
				4BA09AB420174592003B4701 /* houses.json */,
				F73EDEAE1FF665B8002B25AF /* codeIsComing.png */,
				F73EDEAD1FF665B8002B25AF /* lannister.jpg */,
				F73EDEAC1FF665B8002B25AF /* targaryenSmall.jpg */,
			);
			path = Resources;
			sourceTree = "<group>";
		};
		F73EDEB71FF66632002B25AF /* Controllers */ = {
			isa = PBXGroup;
			children = (
				4BAF736B1FF91EA5000B9587 /* HouseListViewController.swift */,
				4BAF736C1FF91EA5000B9587 /* HouseListViewController.xib */,
				F73EDEB31FF6662B002B25AF /* HouseViewController.swift */,
				F73EDEB41FF6662B002B25AF /* HouseViewController.xib */,
				4BAF73671FF909D2000B9587 /* WikiViewController.swift */,
				4BAF73681FF909D2000B9587 /* WikiViewController.xib */,
				4BAF736F1FF92A90000B9587 /* MemberListViewController.swift */,
				4BAF73701FF92A90000B9587 /* MemberListViewController.xib */,
				4BD79A6A202394DA002531D3 /* MemberDetailViewController.swift */,
				4BD79A6B202394DA002531D3 /* MemberDetailViewController.xib */,
			);
			path = Controllers;
			sourceTree = "<group>";
		};
/* End PBXGroup section */

/* Begin PBXNativeTarget section */
		4B7F242B1FF105AB00EB3D94 /* Westeros */ = {
			isa = PBXNativeTarget;
			buildConfigurationList = 4B7F24491FF105AC00EB3D94 /* Build configuration list for PBXNativeTarget "Westeros" */;
			buildPhases = (
				4B7F24281FF105AB00EB3D94 /* Sources */,
				4B7F24291FF105AB00EB3D94 /* Frameworks */,
				4B7F242A1FF105AB00EB3D94 /* Resources */,
			);
			buildRules = (
			);
			dependencies = (
			);
			name = Westeros;
			productName = Westeros;
			productReference = 4B7F242C1FF105AB00EB3D94 /* Westeros.app */;
			productType = "com.apple.product-type.application";
		};
		4B7F243F1FF105AC00EB3D94 /* WesterosTests */ = {
			isa = PBXNativeTarget;
			buildConfigurationList = 4B7F244C1FF105AC00EB3D94 /* Build configuration list for PBXNativeTarget "WesterosTests" */;
			buildPhases = (
				4B7F243C1FF105AC00EB3D94 /* Sources */,
				4B7F243D1FF105AC00EB3D94 /* Frameworks */,
				4B7F243E1FF105AC00EB3D94 /* Resources */,
			);
			buildRules = (
			);
			dependencies = (
				4B7F24421FF105AC00EB3D94 /* PBXTargetDependency */,
			);
			name = WesterosTests;
			productName = WesterosTests;
			productReference = 4B7F24401FF105AC00EB3D94 /* WesterosTests.xctest */;
			productType = "com.apple.product-type.bundle.unit-test";
		};
/* End PBXNativeTarget section */

/* Begin PBXProject section */
		4B7F24241FF105AB00EB3D94 /* Project object */ = {
			isa = PBXProject;
			attributes = {
				LastSwiftUpdateCheck = 0920;
				LastUpgradeCheck = 0920;
				ORGANIZATIONNAME = Westeros;
				TargetAttributes = {
					4B7F242B1FF105AB00EB3D94 = {
						CreatedOnToolsVersion = 9.2;
						ProvisioningStyle = Automatic;
					};
					4B7F243F1FF105AC00EB3D94 = {
						CreatedOnToolsVersion = 9.2;
						LastSwiftMigration = 0920;
						ProvisioningStyle = Automatic;
						TestTargetID = 4B7F242B1FF105AB00EB3D94;
					};
				};
			};
			buildConfigurationList = 4B7F24271FF105AB00EB3D94 /* Build configuration list for PBXProject "Westeros" */;
			compatibilityVersion = "Xcode 8.0";
			developmentRegion = en;
			hasScannedForEncodings = 0;
			knownRegions = (
				en,
				Base,
			);
			mainGroup = 4B7F24231FF105AB00EB3D94;
			productRefGroup = 4B7F242D1FF105AB00EB3D94 /* Products */;
			projectDirPath = "";
			projectRoot = "";
			targets = (
				4B7F242B1FF105AB00EB3D94 /* Westeros */,
				4B7F243F1FF105AC00EB3D94 /* WesterosTests */,
			);
		};
/* End PBXProject section */

/* Begin PBXResourcesBuildPhase section */
		4B7F242A1FF105AB00EB3D94 /* Resources */ = {
			isa = PBXResourcesBuildPhase;
			buildActionMask = 2147483647;
			files = (
				4BAF736E1FF91EA5000B9587 /* HouseListViewController.xib in Resources */,
				F73EDEB01FF665B8002B25AF /* lannister.jpg in Resources */,
				4BAF736A1FF909D2000B9587 /* WikiViewController.xib in Resources */,
				4B7F243A1FF105AB00EB3D94 /* LaunchScreen.storyboard in Resources */,
				4BAF73721FF92A90000B9587 /* MemberListViewController.xib in Resources */,
				4BD79A6D202394DA002531D3 /* MemberDetailViewController.xib in Resources */,
				4BA09AB720175638003B4701 /* characters.json in Resources */,
				F73EDEAF1FF665B8002B25AF /* targaryenSmall.jpg in Resources */,
				4BA09AB520174592003B4701 /* houses.json in Resources */,
				F73EDEB11FF665B8002B25AF /* codeIsComing.png in Resources */,
				4B7F24371FF105AB00EB3D94 /* Assets.xcassets in Resources */,
				F73EDEB61FF6662B002B25AF /* HouseViewController.xib in Resources */,
			);
			runOnlyForDeploymentPostprocessing = 0;
		};
		4B7F243E1FF105AC00EB3D94 /* Resources */ = {
			isa = PBXResourcesBuildPhase;
			buildActionMask = 2147483647;
			files = (
			);
			runOnlyForDeploymentPostprocessing = 0;
		};
/* End PBXResourcesBuildPhase section */

/* Begin PBXSourcesBuildPhase section */
		4B7F24281FF105AB00EB3D94 /* Sources */ = {
			isa = PBXSourcesBuildPhase;
			buildActionMask = 2147483647;
			files = (
				4BAF73611FF8E178000B9587 /* UIViewController+Additions.swift in Sources */,
				4B7F24571FF113B900EB3D94 /* Person.swift in Sources */,
				4B7F24521FF10D6C00EB3D94 /* House.swift in Sources */,
				4B7F24301FF105AB00EB3D94 /* AppDelegate.swift in Sources */,
				4BD79A6F20239B45002531D3 /* Season.swift in Sources */,
				4BAF736D1FF91EA5000B9587 /* HouseListViewController.swift in Sources */,
				4BE7040F2020F8F700178E68 /* HouseName.swift in Sources */,
				4BD79A7120239C04002531D3 /* Episode.swift in Sources */,
				4BD79A6C202394DA002531D3 /* MemberDetailViewController.swift in Sources */,
				F73EDEB51FF6662B002B25AF /* HouseViewController.swift in Sources */,
				4BAF73661FF8E3DC000B9587 /* Repository.swift in Sources */,
				4BAF73691FF909D2000B9587 /* WikiViewController.swift in Sources */,
				4BAF73711FF92A90000B9587 /* MemberListViewController.swift in Sources */,
			);
			runOnlyForDeploymentPostprocessing = 0;
		};
		4B7F243C1FF105AC00EB3D94 /* Sources */ = {
			isa = PBXSourcesBuildPhase;
			buildActionMask = 2147483647;
			files = (
				4BD79A7320239DB3002531D3 /* SeasonTests.swift in Sources */,
				4B7F24501FF10CCD00EB3D94 /* HouseTests.swift in Sources */,
				4B7F24551FF1137C00EB3D94 /* PersonTests.swift in Sources */,
				4BD79A752023A946002531D3 /* EpisodeTests.swift in Sources */,
				4BAF73631FF8E31B000B9587 /* RepositoryTests.swift in Sources */,
			);
			runOnlyForDeploymentPostprocessing = 0;
		};
/* End PBXSourcesBuildPhase section */

/* Begin PBXTargetDependency section */
		4B7F24421FF105AC00EB3D94 /* PBXTargetDependency */ = {
			isa = PBXTargetDependency;
			target = 4B7F242B1FF105AB00EB3D94 /* Westeros */;
			targetProxy = 4B7F24411FF105AC00EB3D94 /* PBXContainerItemProxy */;
		};
/* End PBXTargetDependency section */

/* Begin PBXVariantGroup section */
		4B7F24381FF105AB00EB3D94 /* LaunchScreen.storyboard */ = {
			isa = PBXVariantGroup;
			children = (
				4B7F24391FF105AB00EB3D94 /* Base */,
			);
			name = LaunchScreen.storyboard;
			sourceTree = "<group>";
		};
/* End PBXVariantGroup section */

/* Begin XCBuildConfiguration section */
		4B7F24471FF105AC00EB3D94 /* Debug */ = {
			isa = XCBuildConfiguration;
			buildSettings = {
				ALWAYS_SEARCH_USER_PATHS = NO;
				CLANG_ANALYZER_NONNULL = YES;
				CLANG_ANALYZER_NUMBER_OBJECT_CONVERSION = YES_AGGRESSIVE;
				CLANG_CXX_LANGUAGE_STANDARD = "gnu++14";
				CLANG_CXX_LIBRARY = "libc++";
				CLANG_ENABLE_MODULES = YES;
				CLANG_ENABLE_OBJC_ARC = YES;
				CLANG_WARN_BLOCK_CAPTURE_AUTORELEASING = YES;
				CLANG_WARN_BOOL_CONVERSION = YES;
				CLANG_WARN_COMMA = YES;
				CLANG_WARN_CONSTANT_CONVERSION = YES;
				CLANG_WARN_DIRECT_OBJC_ISA_USAGE = YES_ERROR;
				CLANG_WARN_DOCUMENTATION_COMMENTS = YES;
				CLANG_WARN_EMPTY_BODY = YES;
				CLANG_WARN_ENUM_CONVERSION = YES;
				CLANG_WARN_INFINITE_RECURSION = YES;
				CLANG_WARN_INT_CONVERSION = YES;
				CLANG_WARN_NON_LITERAL_NULL_CONVERSION = YES;
				CLANG_WARN_OBJC_LITERAL_CONVERSION = YES;
				CLANG_WARN_OBJC_ROOT_CLASS = YES_ERROR;
				CLANG_WARN_RANGE_LOOP_ANALYSIS = YES;
				CLANG_WARN_STRICT_PROTOTYPES = YES;
				CLANG_WARN_SUSPICIOUS_MOVE = YES;
				CLANG_WARN_UNGUARDED_AVAILABILITY = YES_AGGRESSIVE;
				CLANG_WARN_UNREACHABLE_CODE = YES;
				CLANG_WARN__DUPLICATE_METHOD_MATCH = YES;
				CODE_SIGN_IDENTITY = "iPhone Developer";
				COPY_PHASE_STRIP = NO;
				DEBUG_INFORMATION_FORMAT = dwarf;
				ENABLE_STRICT_OBJC_MSGSEND = YES;
				ENABLE_TESTABILITY = YES;
				GCC_C_LANGUAGE_STANDARD = gnu11;
				GCC_DYNAMIC_NO_PIC = NO;
				GCC_NO_COMMON_BLOCKS = YES;
				GCC_OPTIMIZATION_LEVEL = 0;
				GCC_PREPROCESSOR_DEFINITIONS = (
					"DEBUG=1",
					"$(inherited)",
				);
				GCC_WARN_64_TO_32_BIT_CONVERSION = YES;
				GCC_WARN_ABOUT_RETURN_TYPE = YES_ERROR;
				GCC_WARN_UNDECLARED_SELECTOR = YES;
				GCC_WARN_UNINITIALIZED_AUTOS = YES_AGGRESSIVE;
				GCC_WARN_UNUSED_FUNCTION = YES;
				GCC_WARN_UNUSED_VARIABLE = YES;
				IPHONEOS_DEPLOYMENT_TARGET = 11.2;
				MTL_ENABLE_DEBUG_INFO = YES;
				ONLY_ACTIVE_ARCH = YES;
				SDKROOT = iphoneos;
				SWIFT_ACTIVE_COMPILATION_CONDITIONS = DEBUG;
				SWIFT_OPTIMIZATION_LEVEL = "-Onone";
			};
			name = Debug;
		};
		4B7F24481FF105AC00EB3D94 /* Release */ = {
			isa = XCBuildConfiguration;
			buildSettings = {
				ALWAYS_SEARCH_USER_PATHS = NO;
				CLANG_ANALYZER_NONNULL = YES;
				CLANG_ANALYZER_NUMBER_OBJECT_CONVERSION = YES_AGGRESSIVE;
				CLANG_CXX_LANGUAGE_STANDARD = "gnu++14";
				CLANG_CXX_LIBRARY = "libc++";
				CLANG_ENABLE_MODULES = YES;
				CLANG_ENABLE_OBJC_ARC = YES;
				CLANG_WARN_BLOCK_CAPTURE_AUTORELEASING = YES;
				CLANG_WARN_BOOL_CONVERSION = YES;
				CLANG_WARN_COMMA = YES;
				CLANG_WARN_CONSTANT_CONVERSION = YES;
				CLANG_WARN_DIRECT_OBJC_ISA_USAGE = YES_ERROR;
				CLANG_WARN_DOCUMENTATION_COMMENTS = YES;
				CLANG_WARN_EMPTY_BODY = YES;
				CLANG_WARN_ENUM_CONVERSION = YES;
				CLANG_WARN_INFINITE_RECURSION = YES;
				CLANG_WARN_INT_CONVERSION = YES;
				CLANG_WARN_NON_LITERAL_NULL_CONVERSION = YES;
				CLANG_WARN_OBJC_LITERAL_CONVERSION = YES;
				CLANG_WARN_OBJC_ROOT_CLASS = YES_ERROR;
				CLANG_WARN_RANGE_LOOP_ANALYSIS = YES;
				CLANG_WARN_STRICT_PROTOTYPES = YES;
				CLANG_WARN_SUSPICIOUS_MOVE = YES;
				CLANG_WARN_UNGUARDED_AVAILABILITY = YES_AGGRESSIVE;
				CLANG_WARN_UNREACHABLE_CODE = YES;
				CLANG_WARN__DUPLICATE_METHOD_MATCH = YES;
				CODE_SIGN_IDENTITY = "iPhone Developer";
				COPY_PHASE_STRIP = NO;
				DEBUG_INFORMATION_FORMAT = "dwarf-with-dsym";
				ENABLE_NS_ASSERTIONS = NO;
				ENABLE_STRICT_OBJC_MSGSEND = YES;
				GCC_C_LANGUAGE_STANDARD = gnu11;
				GCC_NO_COMMON_BLOCKS = YES;
				GCC_WARN_64_TO_32_BIT_CONVERSION = YES;
				GCC_WARN_ABOUT_RETURN_TYPE = YES_ERROR;
				GCC_WARN_UNDECLARED_SELECTOR = YES;
				GCC_WARN_UNINITIALIZED_AUTOS = YES_AGGRESSIVE;
				GCC_WARN_UNUSED_FUNCTION = YES;
				GCC_WARN_UNUSED_VARIABLE = YES;
				IPHONEOS_DEPLOYMENT_TARGET = 11.2;
				MTL_ENABLE_DEBUG_INFO = NO;
				SDKROOT = iphoneos;
				SWIFT_OPTIMIZATION_LEVEL = "-Owholemodule";
				VALIDATE_PRODUCT = YES;
			};
			name = Release;
		};
		4B7F244A1FF105AC00EB3D94 /* Debug */ = {
			isa = XCBuildConfiguration;
			buildSettings = {
				ASSETCATALOG_COMPILER_APPICON_NAME = AppIcon;
				"CODE_SIGN_IDENTITY[sdk=iphoneos*]" = "iPhone Developer";
				CODE_SIGN_STYLE = Automatic;
				DEVELOPMENT_TEAM = 8LNA9LB2Y8;
				INFOPLIST_FILE = Westeros/Info.plist;
				LD_RUNPATH_SEARCH_PATHS = "$(inherited) @executable_path/Frameworks";
				PRODUCT_BUNDLE_IDENTIFIER = com.alexandrefreire.Westeros;
				PRODUCT_NAME = "$(TARGET_NAME)";
				PROVISIONING_PROFILE_SPECIFIER = "";
				SWIFT_VERSION = 4.0;
				TARGETED_DEVICE_FAMILY = "1,2";
			};
			name = Debug;
		};
		4B7F244B1FF105AC00EB3D94 /* Release */ = {
			isa = XCBuildConfiguration;
			buildSettings = {
				ASSETCATALOG_COMPILER_APPICON_NAME = AppIcon;
				"CODE_SIGN_IDENTITY[sdk=iphoneos*]" = "iPhone Developer";
				CODE_SIGN_STYLE = Automatic;
				DEVELOPMENT_TEAM = 8LNA9LB2Y8;
				INFOPLIST_FILE = Westeros/Info.plist;
				LD_RUNPATH_SEARCH_PATHS = "$(inherited) @executable_path/Frameworks";
				PRODUCT_BUNDLE_IDENTIFIER = com.alexandrefreire.Westeros;
				PRODUCT_NAME = "$(TARGET_NAME)";
				PROVISIONING_PROFILE_SPECIFIER = "";
				SWIFT_VERSION = 4.0;
				TARGETED_DEVICE_FAMILY = "1,2";
			};
			name = Release;
		};
		4B7F244D1FF105AC00EB3D94 /* Debug */ = {
			isa = XCBuildConfiguration;
			buildSettings = {
				ALWAYS_EMBED_SWIFT_STANDARD_LIBRARIES = YES;
				BUNDLE_LOADER = "$(TEST_HOST)";
				CLANG_ENABLE_MODULES = YES;
				CODE_SIGN_STYLE = Automatic;
				DEVELOPMENT_TEAM = 8LNA9LB2Y8;
				INFOPLIST_FILE = WesterosTests/Info.plist;
				LD_RUNPATH_SEARCH_PATHS = "$(inherited) @executable_path/Frameworks @loader_path/Frameworks";
				PRODUCT_BUNDLE_IDENTIFIER = com.alexandrefreire.WesterosTests;
				PRODUCT_NAME = "$(TARGET_NAME)";
				SWIFT_OPTIMIZATION_LEVEL = "-Onone";
				SWIFT_VERSION = 4.0;
				TARGETED_DEVICE_FAMILY = "1,2";
				TEST_HOST = "$(BUILT_PRODUCTS_DIR)/Westeros.app/Westeros";
			};
			name = Debug;
		};
		4B7F244E1FF105AC00EB3D94 /* Release */ = {
			isa = XCBuildConfiguration;
			buildSettings = {
				ALWAYS_EMBED_SWIFT_STANDARD_LIBRARIES = YES;
				BUNDLE_LOADER = "$(TEST_HOST)";
				CLANG_ENABLE_MODULES = YES;
				CODE_SIGN_STYLE = Automatic;
				DEVELOPMENT_TEAM = 8LNA9LB2Y8;
				INFOPLIST_FILE = WesterosTests/Info.plist;
				LD_RUNPATH_SEARCH_PATHS = "$(inherited) @executable_path/Frameworks @loader_path/Frameworks";
				PRODUCT_BUNDLE_IDENTIFIER = com.alexandrefreire.WesterosTests;
				PRODUCT_NAME = "$(TARGET_NAME)";
				SWIFT_VERSION = 4.0;
				TARGETED_DEVICE_FAMILY = "1,2";
				TEST_HOST = "$(BUILT_PRODUCTS_DIR)/Westeros.app/Westeros";
			};
			name = Release;
		};
/* End XCBuildConfiguration section */

/* Begin XCConfigurationList section */
		4B7F24271FF105AB00EB3D94 /* Build configuration list for PBXProject "Westeros" */ = {
			isa = XCConfigurationList;
			buildConfigurations = (
				4B7F24471FF105AC00EB3D94 /* Debug */,
				4B7F24481FF105AC00EB3D94 /* Release */,
			);
			defaultConfigurationIsVisible = 0;
			defaultConfigurationName = Release;
		};
		4B7F24491FF105AC00EB3D94 /* Build configuration list for PBXNativeTarget "Westeros" */ = {
			isa = XCConfigurationList;
			buildConfigurations = (
				4B7F244A1FF105AC00EB3D94 /* Debug */,
				4B7F244B1FF105AC00EB3D94 /* Release */,
			);
			defaultConfigurationIsVisible = 0;
			defaultConfigurationName = Release;
		};
		4B7F244C1FF105AC00EB3D94 /* Build configuration list for PBXNativeTarget "WesterosTests" */ = {
			isa = XCConfigurationList;
			buildConfigurations = (
				4B7F244D1FF105AC00EB3D94 /* Debug */,
				4B7F244E1FF105AC00EB3D94 /* Release */,
			);
			defaultConfigurationIsVisible = 0;
			defaultConfigurationName = Release;
		};
/* End XCConfigurationList section */
	};
	rootObject = 4B7F24241FF105AB00EB3D94 /* Project object */;
}
